
Microsoft Visual Studio Solution File, Format Version 12.00
# Visual Studio 15
VisualStudioVersion = 15.0.26730.12
MinimumVisualStudioVersion = 10.0.40219.1
Project("{FAE04EC0-301F-11D3-BF4B-00C04F79EFBC}") = "testi2", "testi2\testi2.csproj", "{A8492F59-5A88-467B-8146-843B995855CA}"
EndProject
Global
	GlobalSection(SolutionConfigurationPlatforms) = preSolution
		Debug|Any CPU = Debug|Any CPU
		Release|Any CPU = Release|Any CPU
	EndGlobalSection
	GlobalSection(ProjectConfigurationPlatforms) = postSolution
		{A8492F59-5A88-467B-8146-843B995855CA}.Debug|Any CPU.ActiveCfg = Debug|Any CPU
		{A8492F59-5A88-467B-8146-843B995855CA}.Debug|Any CPU.Build.0 = Debug|Any CPU
		{A8492F59-5A88-467B-8146-843B995855CA}.Release|Any CPU.ActiveCfg = Release|Any CPU
		{A8492F59-5A88-467B-8146-843B995855CA}.Release|Any CPU.Build.0 = Release|Any CPU
	EndGlobalSection
	GlobalSection(SolutionProperties) = preSolution
		HideSolutionNode = FALSE
	EndGlobalSection
	GlobalSection(ExtensibilityGlobals) = postSolution
		SolutionGuid = {DDC33C6B-B8CF-4CA5-B65B-0F5B2D48B6D4}
	EndGlobalSection
EndGlobal
